
Microsoft Visual Studio Solution File, Format Version 12.00
# Visual Studio Version 16
VisualStudioVersion = 16.0.28922.388
MinimumVisualStudioVersion = 10.0.40219.1
Project("{FAE04EC0-301F-11D3-BF4B-00C04F79EFBC}") = "PoolTime", "PoolTime\PoolTime.csproj", "{5A55237E-1921-49C2-8E6D-9F64109D6720}"
EndProject
Global
	GlobalSection(SolutionConfigurationPlatforms) = preSolution
		Debug|Any CPU = Debug|Any CPU
		Release|Any CPU = Release|Any CPU
	EndGlobalSection
	GlobalSection(ProjectConfigurationPlatforms) = postSolution
		{5A55237E-1921-49C2-8E6D-9F64109D6720}.Debug|Any CPU.ActiveCfg = Debug|Any CPU
		{5A55237E-1921-49C2-8E6D-9F64109D6720}.Debug|Any CPU.Build.0 = Debug|Any CPU
		{5A55237E-1921-49C2-8E6D-9F64109D6720}.Release|Any CPU.ActiveCfg = Release|Any CPU
		{5A55237E-1921-49C2-8E6D-9F64109D6720}.Release|Any CPU.Build.0 = Release|Any CPU
	EndGlobalSection
	GlobalSection(SolutionProperties) = preSolution
		HideSolutionNode = FALSE
	EndGlobalSection
	GlobalSection(ExtensibilityGlobals) = postSolution
		SolutionGuid = {40D956D2-67E4-4CEA-89BD-7A7F975C4F0D}
	EndGlobalSection
EndGlobal
